
Microsoft Visual Studio Solution File, Format Version 12.00
Project("{FAE04EC0-301F-11D3-BF4B-00C04F79EFBC}") = "OkuruBot", "OkuruBot\OkuruBot.csproj", "{3FCE1221-54EB-460C-A135-36292ACB7807}"
EndProject
Global
	GlobalSection(SolutionConfigurationPlatforms) = preSolution
		Debug|Any CPU = Debug|Any CPU
		Release|Any CPU = Release|Any CPU
	EndGlobalSection
	GlobalSection(ProjectConfigurationPlatforms) = postSolution
		{3FCE1221-54EB-460C-A135-36292ACB7807}.Debug|Any CPU.ActiveCfg = Debug|Any CPU
		{3FCE1221-54EB-460C-A135-36292ACB7807}.Debug|Any CPU.Build.0 = Debug|Any CPU
		{3FCE1221-54EB-460C-A135-36292ACB7807}.Release|Any CPU.ActiveCfg = Release|Any CPU
		{3FCE1221-54EB-460C-A135-36292ACB7807}.Release|Any CPU.Build.0 = Release|Any CPU
	EndGlobalSection
EndGlobal
